
Microsoft Visual Studio Solution File, Format Version 12.00
Project("{FAE04EC0-301F-11D3-BF4B-00C04F79EFBC}") = "DuszyczkiPunankiApi", "DuszyczkiPunankiApi\DuszyczkiPunankiApi.csproj", "{D28563AF-66AE-48CD-9A05-2C2C3444AB9E}"
EndProject
Global
	GlobalSection(SolutionConfigurationPlatforms) = preSolution
		Debug|Any CPU = Debug|Any CPU
		Release|Any CPU = Release|Any CPU
	EndGlobalSection
	GlobalSection(ProjectConfigurationPlatforms) = postSolution
		{D28563AF-66AE-48CD-9A05-2C2C3444AB9E}.Debug|Any CPU.ActiveCfg = Debug|Any CPU
		{D28563AF-66AE-48CD-9A05-2C2C3444AB9E}.Debug|Any CPU.Build.0 = Debug|Any CPU
		{D28563AF-66AE-48CD-9A05-2C2C3444AB9E}.Release|Any CPU.ActiveCfg = Release|Any CPU
		{D28563AF-66AE-48CD-9A05-2C2C3444AB9E}.Release|Any CPU.Build.0 = Release|Any CPU
	EndGlobalSection
EndGlobal
